
Microsoft Visual Studio Solution File, Format Version 12.00
# Visual Studio 15
VisualStudioVersion = 15.0.28307.489
MinimumVisualStudioVersion = 10.0.40219.1
Project("{FAE04EC0-301F-11D3-BF4B-00C04F79EFBC}") = "WebApplication1", "WebApplication1\WebApplication1.csproj", "{66BDC867-0B19-4088-AEB6-B8D3B937FA9C}"
EndProject
Global
	GlobalSection(SolutionConfigurationPlatforms) = preSolution
		Debug|Any CPU = Debug|Any CPU
		Release|Any CPU = Release|Any CPU
	EndGlobalSection
	GlobalSection(ProjectConfigurationPlatforms) = postSolution
		{66BDC867-0B19-4088-AEB6-B8D3B937FA9C}.Debug|Any CPU.ActiveCfg = Debug|Any CPU
		{66BDC867-0B19-4088-AEB6-B8D3B937FA9C}.Debug|Any CPU.Build.0 = Debug|Any CPU
		{66BDC867-0B19-4088-AEB6-B8D3B937FA9C}.Release|Any CPU.ActiveCfg = Release|Any CPU
		{66BDC867-0B19-4088-AEB6-B8D3B937FA9C}.Release|Any CPU.Build.0 = Release|Any CPU
	EndGlobalSection
	GlobalSection(SolutionProperties) = preSolution
		HideSolutionNode = FALSE
	EndGlobalSection
	GlobalSection(ExtensibilityGlobals) = postSolution
		SolutionGuid = {52F448A7-2264-495F-B7A2-9B326A4F1431}
	EndGlobalSection
EndGlobal
